
Microsoft Visual Studio Solution File, Format Version 12.00
# Visual Studio Version 16
VisualStudioVersion = 16.0.810.20
MinimumVisualStudioVersion = 10.0.40219.1
Project("{2150E333-8FDC-42A3-9474-1A3956D46DE8}") = "Services", "Services", "{74073F9C-B703-4DA3-A3AC-0754746AC0C5}"
EndProject
Project("{2150E333-8FDC-42A3-9474-1A3956D46DE8}") = "Catalog", "Catalog", "{5B68364D-1791-44AF-9C2F-B1CD13AA7FDB}"
EndProject
Project("{FAE04EC0-301F-11D3-BF4B-00C04F79EFBC}") = "Catalog.API", "Services\Catalog\Catalog.API\Catalog.API.csproj", "{3D4EC16F-2616-4E0C-B2DE-D0AFF93EA91F}"
EndProject
Project("{E53339B2-1760-4266-BCC7-CA923CBCF16C}") = "docker-compose", "docker-compose.dcproj", "{0A8637D9-4FB9-4428-89B6-24B971D51109}"
EndProject
Project("{2150E333-8FDC-42A3-9474-1A3956D46DE8}") = "Basket", "Basket", "{94AA2DDC-BBD7-47BC-9AC5-FCD1971DC8D3}"
EndProject
Project("{FAE04EC0-301F-11D3-BF4B-00C04F79EFBC}") = "Basket.API", "Services\Basket\Basket.API\Basket.API.csproj", "{55ABA085-08A0-4957-A357-55415B81548A}"
EndProject
Project("{2150E333-8FDC-42A3-9474-1A3956D46DE8}") = "Discount", "Discount", "{BBB994D0-F89B-405A-974B-53E8AC25661A}"
EndProject
Project("{FAE04EC0-301F-11D3-BF4B-00C04F79EFBC}") = "Discount.API", "Services\Discount\Discount.API\Discount.API.csproj", "{F44EDAFF-4E52-457A-9C2F-ECFF9EBD622E}"
EndProject
Project("{FAE04EC0-301F-11D3-BF4B-00C04F79EFBC}") = "Discount.Grpc", "Services\Discount\Discount.Grpc\Discount.Grpc.csproj", "{2759AAB8-08B2-4C44-A242-B313FF7CE60A}"
EndProject
Project("{2150E333-8FDC-42A3-9474-1A3956D46DE8}") = "Ordering", "Ordering", "{A443AC7C-3675-44B6-9D1C-806ABF4AA342}"
EndProject
Project("{FAE04EC0-301F-11D3-BF4B-00C04F79EFBC}") = "Ordering.API", "Services\Ordering\Ordering.API\Ordering.API.csproj", "{04EFA4C4-EE76-42F8-A300-3CBDA6073B1A}"
EndProject
Project("{FAE04EC0-301F-11D3-BF4B-00C04F79EFBC}") = "Ordering.Domain", "Services\Ordering\Ordering.Domain\Ordering.Domain.csproj", "{861C03A6-23BC-4F77-AC39-11E36A99F62C}"
EndProject
Project("{FAE04EC0-301F-11D3-BF4B-00C04F79EFBC}") = "Ordering.Application", "Services\Ordering\Ordering.Application\Ordering.Application.csproj", "{6DFD5AD3-8775-4A7B-8956-1F124441F2DD}"
EndProject
Project("{FAE04EC0-301F-11D3-BF4B-00C04F79EFBC}") = "Ordering.Infrastructure", "Services\Ordering\Ordering.Infrastructure\Ordering.Infrastructure.csproj", "{8FD548D5-1526-401F-B8C8-6D5955C95587}"
EndProject
Project("{2150E333-8FDC-42A3-9474-1A3956D46DE8}") = "BuildingBlocks", "BuildingBlocks", "{DD9EA8E2-2E73-4C37-B110-284DE6BDC9D0}"
EndProject
Project("{FAE04EC0-301F-11D3-BF4B-00C04F79EFBC}") = "EventBus.Messages", "BuildingBlocks\EventBus.Messages\EventBus.Messages.csproj", "{7F95301E-B18B-4587-8D9F-F99162CADCB2}"
EndProject
Global
	GlobalSection(SolutionConfigurationPlatforms) = preSolution
		Debug|Any CPU = Debug|Any CPU
		Release|Any CPU = Release|Any CPU
	EndGlobalSection
	GlobalSection(ProjectConfigurationPlatforms) = postSolution
		{3D4EC16F-2616-4E0C-B2DE-D0AFF93EA91F}.Debug|Any CPU.ActiveCfg = Debug|Any CPU
		{3D4EC16F-2616-4E0C-B2DE-D0AFF93EA91F}.Debug|Any CPU.Build.0 = Debug|Any CPU
		{3D4EC16F-2616-4E0C-B2DE-D0AFF93EA91F}.Release|Any CPU.ActiveCfg = Release|Any CPU
		{3D4EC16F-2616-4E0C-B2DE-D0AFF93EA91F}.Release|Any CPU.Build.0 = Release|Any CPU
		{0A8637D9-4FB9-4428-89B6-24B971D51109}.Debug|Any CPU.ActiveCfg = Debug|Any CPU
		{0A8637D9-4FB9-4428-89B6-24B971D51109}.Debug|Any CPU.Build.0 = Debug|Any CPU
		{0A8637D9-4FB9-4428-89B6-24B971D51109}.Release|Any CPU.ActiveCfg = Release|Any CPU
		{0A8637D9-4FB9-4428-89B6-24B971D51109}.Release|Any CPU.Build.0 = Release|Any CPU
		{55ABA085-08A0-4957-A357-55415B81548A}.Debug|Any CPU.ActiveCfg = Debug|Any CPU
		{55ABA085-08A0-4957-A357-55415B81548A}.Debug|Any CPU.Build.0 = Debug|Any CPU
		{55ABA085-08A0-4957-A357-55415B81548A}.Release|Any CPU.ActiveCfg = Release|Any CPU
		{55ABA085-08A0-4957-A357-55415B81548A}.Release|Any CPU.Build.0 = Release|Any CPU
		{F44EDAFF-4E52-457A-9C2F-ECFF9EBD622E}.Debug|Any CPU.ActiveCfg = Debug|Any CPU
		{F44EDAFF-4E52-457A-9C2F-ECFF9EBD622E}.Debug|Any CPU.Build.0 = Debug|Any CPU
		{F44EDAFF-4E52-457A-9C2F-ECFF9EBD622E}.Release|Any CPU.ActiveCfg = Release|Any CPU
		{F44EDAFF-4E52-457A-9C2F-ECFF9EBD622E}.Release|Any CPU.Build.0 = Release|Any CPU
		{2759AAB8-08B2-4C44-A242-B313FF7CE60A}.Debug|Any CPU.ActiveCfg = Debug|Any CPU
		{2759AAB8-08B2-4C44-A242-B313FF7CE60A}.Debug|Any CPU.Build.0 = Debug|Any CPU
		{2759AAB8-08B2-4C44-A242-B313FF7CE60A}.Release|Any CPU.ActiveCfg = Release|Any CPU
		{2759AAB8-08B2-4C44-A242-B313FF7CE60A}.Release|Any CPU.Build.0 = Release|Any CPU
		{04EFA4C4-EE76-42F8-A300-3CBDA6073B1A}.Debug|Any CPU.ActiveCfg = Debug|Any CPU
		{04EFA4C4-EE76-42F8-A300-3CBDA6073B1A}.Debug|Any CPU.Build.0 = Debug|Any CPU
		{04EFA4C4-EE76-42F8-A300-3CBDA6073B1A}.Release|Any CPU.ActiveCfg = Release|Any CPU
		{04EFA4C4-EE76-42F8-A300-3CBDA6073B1A}.Release|Any CPU.Build.0 = Release|Any CPU
		{861C03A6-23BC-4F77-AC39-11E36A99F62C}.Debug|Any CPU.ActiveCfg = Debug|Any CPU
		{861C03A6-23BC-4F77-AC39-11E36A99F62C}.Debug|Any CPU.Build.0 = Debug|Any CPU
		{861C03A6-23BC-4F77-AC39-11E36A99F62C}.Release|Any CPU.ActiveCfg = Release|Any CPU
		{861C03A6-23BC-4F77-AC39-11E36A99F62C}.Release|Any CPU.Build.0 = Release|Any CPU
		{6DFD5AD3-8775-4A7B-8956-1F124441F2DD}.Debug|Any CPU.ActiveCfg = Debug|Any CPU
		{6DFD5AD3-8775-4A7B-8956-1F124441F2DD}.Debug|Any CPU.Build.0 = Debug|Any CPU
		{6DFD5AD3-8775-4A7B-8956-1F124441F2DD}.Release|Any CPU.ActiveCfg = Release|Any CPU
		{6DFD5AD3-8775-4A7B-8956-1F124441F2DD}.Release|Any CPU.Build.0 = Release|Any CPU
		{8FD548D5-1526-401F-B8C8-6D5955C95587}.Debug|Any CPU.ActiveCfg = Debug|Any CPU
		{8FD548D5-1526-401F-B8C8-6D5955C95587}.Debug|Any CPU.Build.0 = Debug|Any CPU
		{8FD548D5-1526-401F-B8C8-6D5955C95587}.Release|Any CPU.ActiveCfg = Release|Any CPU
		{8FD548D5-1526-401F-B8C8-6D5955C95587}.Release|Any CPU.Build.0 = Release|Any CPU
		{7F95301E-B18B-4587-8D9F-F99162CADCB2}.Debug|Any CPU.ActiveCfg = Debug|Any CPU
		{7F95301E-B18B-4587-8D9F-F99162CADCB2}.Debug|Any CPU.Build.0 = Debug|Any CPU
		{7F95301E-B18B-4587-8D9F-F99162CADCB2}.Release|Any CPU.ActiveCfg = Release|Any CPU
		{7F95301E-B18B-4587-8D9F-F99162CADCB2}.Release|Any CPU.Build.0 = Release|Any CPU
	EndGlobalSection
	GlobalSection(SolutionProperties) = preSolution
		HideSolutionNode = FALSE
	EndGlobalSection
	GlobalSection(ExtensibilityGlobals) = postSolution
		SolutionGuid = {EA1EF6B9-1525-49AD-8E84-5AF0A13538FE}
	EndGlobalSection
	GlobalSection(NestedProjects) = preSolution
		{5B68364D-1791-44AF-9C2F-B1CD13AA7FDB} = {74073F9C-B703-4DA3-A3AC-0754746AC0C5}
		{3D4EC16F-2616-4E0C-B2DE-D0AFF93EA91F} = {5B68364D-1791-44AF-9C2F-B1CD13AA7FDB}
		{94AA2DDC-BBD7-47BC-9AC5-FCD1971DC8D3} = {74073F9C-B703-4DA3-A3AC-0754746AC0C5}
		{55ABA085-08A0-4957-A357-55415B81548A} = {94AA2DDC-BBD7-47BC-9AC5-FCD1971DC8D3}
		{BBB994D0-F89B-405A-974B-53E8AC25661A} = {74073F9C-B703-4DA3-A3AC-0754746AC0C5}
		{F44EDAFF-4E52-457A-9C2F-ECFF9EBD622E} = {BBB994D0-F89B-405A-974B-53E8AC25661A}
		{2759AAB8-08B2-4C44-A242-B313FF7CE60A} = {BBB994D0-F89B-405A-974B-53E8AC25661A}
		{A443AC7C-3675-44B6-9D1C-806ABF4AA342} = {74073F9C-B703-4DA3-A3AC-0754746AC0C5}
		{04EFA4C4-EE76-42F8-A300-3CBDA6073B1A} = {A443AC7C-3675-44B6-9D1C-806ABF4AA342}
		{861C03A6-23BC-4F77-AC39-11E36A99F62C} = {A443AC7C-3675-44B6-9D1C-806ABF4AA342}
		{6DFD5AD3-8775-4A7B-8956-1F124441F2DD} = {A443AC7C-3675-44B6-9D1C-806ABF4AA342}
		{8FD548D5-1526-401F-B8C8-6D5955C95587} = {A443AC7C-3675-44B6-9D1C-806ABF4AA342}
		{7F95301E-B18B-4587-8D9F-F99162CADCB2} = {DD9EA8E2-2E73-4C37-B110-284DE6BDC9D0}
	EndGlobalSection
EndGlobal
